version = 1
revision = 1
requires-python = ">=3.9"

[[package]]
name = "anyio"
version = "3.5.0"
source = { registry = "https://pypi.org/simple" }
dependencies = [
    { name = "idna" },
    { name = "sniffio" },
]
sdist = { url = "https://files.pythonhosted.org/packages/4f/d0/b957c0679a9bd0ed334e2e584102f077c3e703f83d099464c3d9569b7c8a/anyio-3.5.0.tar.gz", hash = "sha256:a0aeffe2fb1fdf374a8e4b471444f0f3ac4fb9f5a5b542b48824475e0042a5a6", size = 136934 }
wheels = [
    { url = "https://files.pythonhosted.org/packages/b1/ae/9a8af72d6f0c551943903eefcf93c3a29898fb7b594603c0d70679c199b1/anyio-3.5.0-py3-none-any.whl", hash = "sha256:b5fa16c5ff93fa1046f2eeb5bbff2dad4d3514d6cda61d02816dba34fa8c3c2e", size = 79239 },
]

[[package]]
name = "attrs"
version = "25.3.0"
source = { registry = "https://pypi.org/simple" }
sdist = { url = "https://files.pythonhosted.org/packages/5a/b0/1367933a8532ee6ff8d63537de4f1177af4bff9f3e829baf7331f595bb24/attrs-25.3.0.tar.gz", hash = "sha256:75d7cefc7fb576747b2c81b4442d4d4a1ce0900973527c011d1030fd3bf4af1b", size = 812032 }
wheels = [
    { url = "https://files.pythonhosted.org/packages/77/06/bb80f5f86020c4551da315d78b3ab75e8228f89f0162f2c3a819e407941a/attrs-25.3.0-py3-none-any.whl", hash = "sha256:427318ce031701fea540783410126f03899a97ffc6f61596ad581ac2e40e3bc3", size = 63815 },
]

[[package]]
name = "cattrs"
version = "25.1.1"
source = { registry = "https://pypi.org/simple" }
dependencies = [
    { name = "attrs" },
    { name = "exceptiongroup", marker = "python_full_version < '3.11'" },
    { name = "typing-extensions" },
]
sdist = { url = "https://files.pythonhosted.org/packages/57/2b/561d78f488dcc303da4639e02021311728fb7fda8006dd2835550cddd9ed/cattrs-25.1.1.tar.gz", hash = "sha256:c914b734e0f2d59e5b720d145ee010f1fd9a13ee93900922a2f3f9d593b8382c", size = 435016 }
wheels = [
    { url = "https://files.pythonhosted.org/packages/18/b0/215274ef0d835bbc1056392a367646648b6084e39d489099959aefcca2af/cattrs-25.1.1-py3-none-any.whl", hash = "sha256:1b40b2d3402af7be79a7e7e097a9b4cd16d4c06e6d526644b0b26a063a1cc064", size = 69386 },
]

[[package]]
name = "certifi"
version = "2016.8.8"
source = { registry = "https://pypi.org/simple" }
sdist = { url = "https://files.pythonhosted.org/packages/41/bf/88a3269c7c95fc94a2c581c4b1b3d3ec21af7a268d6a3a4e54578adccfd6/certifi-2016.8.8.tar.gz", hash = "sha256:99864ed602d8a9d212e339b15ffa438895002eda7b7db20dca5309dac9605ae9", size = 382233 }
wheels = [
    { url = "https://files.pythonhosted.org/packages/dd/ed/e9bf6a9dc79e23c68385c4ea692f0e9e1a7880518872564f88be013b552f/certifi-2016.8.8-py2.py3-none-any.whl", hash = "sha256:04f0e6677e6a5a64ba83ade859bcdda254c1ccf58545eb72bc2067f51a01873c", size = 384755 },
]

[[package]]
name = "exceptiongroup"
version = "1.3.0"
source = { registry = "https://pypi.org/simple" }
dependencies = [
    { name = "typing-extensions", marker = "python_full_version < '3.13'" },
]
sdist = { url = "https://files.pythonhosted.org/packages/0b/9f/a65090624ecf468cdca03533906e7c69ed7588582240cfe7cc9e770b50eb/exceptiongroup-1.3.0.tar.gz", hash = "sha256:b241f5885f560bc56a59ee63ca4c6a8bfa46ae4ad651af316d4e81817bb9fd88", size = 29749 }
wheels = [
    { url = "https://files.pythonhosted.org/packages/36/f4/c6e662dade71f56cd2f3735141b265c3c79293c109549c1e6933b0651ffc/exceptiongroup-1.3.0-py3-none-any.whl", hash = "sha256:4d111e6e0c13d0644cad6ddaa7ed0261a0b36971f6d23e7ec9b4b9097da78a10", size = 16674 },
]

[[package]]
name = "h11"
version = "0.16.0"
source = { registry = "https://pypi.org/simple" }
sdist = { url = "https://files.pythonhosted.org/packages/01/ee/02a2c011bdab74c6fb3c75474d40b3052059d95df7e73351460c8588d963/h11-0.16.0.tar.gz", hash = "sha256:4e35b956cf45792e4caa5885e69fba00bdbc6ffafbfa020300e549b208ee5ff1", size = 101250 }
wheels = [
    { url = "https://files.pythonhosted.org/packages/04/4b/29cac41a4d98d144bf5f6d33995617b185d14b22401f75ca86f384e87ff1/h11-0.16.0-py3-none-any.whl", hash = "sha256:63cf8bbe7522de3bf65932fda1d9c2772064ffb3dae62d55932da54b31cb6c86", size = 37515 },
]

[[package]]
name = "httpcore"
version = "1.0.9"
source = { registry = "https://pypi.org/simple" }
dependencies = [
    { name = "certifi" },
    { name = "h11" },
]
sdist = { url = "https://files.pythonhosted.org/packages/06/94/82699a10bca87a5556c9c59b5963f2d039dbd239f25bc2a63907a05a14cb/httpcore-1.0.9.tar.gz", hash = "sha256:6e34463af53fd2ab5d807f399a9b45ea31c3dfa2276f15a2c3f00afff6e176e8", size = 85484 }
wheels = [
    { url = "https://files.pythonhosted.org/packages/7e/f5/f66802a942d491edb555dd61e3a9961140fd64c90bce1eafd741609d334d/httpcore-1.0.9-py3-none-any.whl", hash = "sha256:2d400746a40668fc9dec9810239072b40b4484b640a8c38fd654a024c7a1bf55", size = 78784 },
]

[[package]]
name = "httpx"
version = "0.28.1"
source = { registry = "https://pypi.org/simple" }
dependencies = [
    { name = "anyio" },
    { name = "certifi" },
    { name = "httpcore" },
    { name = "idna" },
]
sdist = { url = "https://files.pythonhosted.org/packages/b1/df/48c586a5fe32a0f01324ee087459e112ebb7224f646c0b5023f5e79e9956/httpx-0.28.1.tar.gz", hash = "sha256:75e98c5f16b0f35b567856f597f06ff2270a374470a5c2392242528e3e3e42fc", size = 141406 }
wheels = [
    { url = "https://files.pythonhosted.org/packages/2a/39/e50c7c3a983047577ee07d2a9e53faf5a69493943ec3f6a384bdc792deb2/httpx-0.28.1-py3-none-any.whl", hash = "sha256:d909fcccc110f8c7faf814ca82a9a4d816bc5a6dbfea25d6591d6985b8ba59ad", size = 73517 },
]

[[package]]
name = "idna"
version = "3.10"
source = { registry = "https://pypi.org/simple" }
sdist = { url = "https://files.pythonhosted.org/packages/f1/70/7703c29685631f5a7590aa73f1f1d3fa9a380e654b86af429e0934a32f7d/idna-3.10.tar.gz", hash = "sha256:12f65c9b470abda6dc35cf8e63cc574b1c52b11df2c86030af0ac09b01b13ea9", size = 190490 }
wheels = [
    { url = "https://files.pythonhosted.org/packages/76/c6/c88e154df9c4e1a2a66ccf0005a88dfb2650c1dffb6f5ce603dfbd452ce3/idna-3.10-py3-none-any.whl", hash = "sha256:946d195a0d259cbba61165e88e65941f16e9b36ea6ddb97f00452bae8b1287d3", size = 70442 },
]

[[package]]
name = "sniffio"
version = "1.3.1"
source = { registry = "https://pypi.org/simple" }
sdist = { url = "https://files.pythonhosted.org/packages/a2/87/a6771e1546d97e7e041b6ae58d80074f81b7d5121207425c964ddf5cfdbd/sniffio-1.3.1.tar.gz", hash = "sha256:f4324edc670a0f49750a81b895f35c3adb843cca46f0530f79fc1babb23789dc", size = 20372 }
wheels = [
    { url = "https://files.pythonhosted.org/packages/e9/44/75a9c9421471a6c4805dbf2356f7c181a29c1879239abab1ea2cc8f38b40/sniffio-1.3.1-py3-none-any.whl", hash = "sha256:2f6da418d1f1e0fddd844478f41680e794e6051915791a034ff65e5f100525a2", size = 10235 },
]

[[package]]
name = "tomlkit"
version = "0.5.5"
source = { registry = "https://pypi.org/simple" }
sdist = { url = "https://files.pythonhosted.org/packages/2b/7e/372f12f571f8dcb855f3444c3ca463399fa1d76fcb8dd48d476c2cd1a610/tomlkit-0.5.5.tar.gz", hash = "sha256:a8d806f3a453c2d292afe97918398354e405b93919e2e68771a3fd0a90e89576", size = 66746 }
wheels = [
    { url = "https://files.pythonhosted.org/packages/29/22/716eb55bb154d2519752a2d91cf7e91d58dd24e8150c47aaaa67aae75aa6/tomlkit-0.5.5-py2.py3-none-any.whl", hash = "sha256:c6b0c11b85e888c12330c7605d43c1446aa148cd421163f90ca46ea813f2c336", size = 30272 },
]

[[package]]
name = "tools-py"
version = "0.0.3"
source = { editable = "." }
dependencies = [
    { name = "attrs" },
    { name = "cattrs" },
    { name = "httpx" },
    { name = "tomlkit" },
]

[package.metadata]
requires-dist = [
    { name = "attrs" },
    { name = "cattrs" },
    { name = "httpx" },
    { name = "tomlkit" },
]

[[package]]
name = "typing-extensions"
version = "4.14.1"
source = { registry = "https://pypi.org/simple" }
sdist = { url = "https://files.pythonhosted.org/packages/98/5a/da40306b885cc8c09109dc2e1abd358d5684b1425678151cdaed4731c822/typing_extensions-4.14.1.tar.gz", hash = "sha256:38b39f4aeeab64884ce9f74c94263ef78f3c22467c8724005483154c26648d36", size = 107673 }
wheels = [
    { url = "https://files.pythonhosted.org/packages/b5/00/d631e67a838026495268c2f6884f3711a15a9a2a96cd244fdaea53b823fb/typing_extensions-4.14.1-py3-none-any.whl", hash = "sha256:d1e1e3b58374dc93031d6eda2420a48ea44a36c2b4766a4fdeb3710755731d76", size = 43906 },
]
